{
    "_readme": [
        "This file locks the dependencies of your project to a known state",
        "Read more about it at https://getcomposer.org/doc/01-basic-usage.md#composer-lock-the-lock-file",
        "This file is @generated automatically"
    ],
    "hash": "1750f41babe43dcef61a4d26224ba3d1",
    "content-hash": "76cee0c51fee09549fcf31d2c47503d4",
    "packages": [
        {
            "name": "planetteamspeak/ts3-php-framework",
            "version": "1.1.25",
            "source": {
                "type": "git",
                "url": "https://github.com/planetteamspeak/ts3phpframework.git",
                "reference": "a0c5043e8d9fc6e6a2f0d5a2e74a641ad9d0bf4b"
            },
            "dist": {
                "type": "zip",
                "url": "https://api.github.com/repos/planetteamspeak/ts3phpframework/zipball/a0c5043e8d9fc6e6a2f0d5a2e74a641ad9d0bf4b",
                "reference": "a0c5043e8d9fc6e6a2f0d5a2e74a641ad9d0bf4b",
                "shasum": ""
            },
            "require": {
                "php": ">=5.2.1"
            },
            "type": "library",
            "autoload": {
                "files": [
                    "libraries/TeamSpeak3/TeamSpeak3.php"
                ]
            },
            "notification-url": "https://packagist.org/downloads/",
            "license": [
                "GPL-3.0"
            ],
            "authors": [
                {
                    "name": "Sven 'ScP' Paulsen",
                    "email": "scp@planetteamspeak.com"
                }
            ],
            "description": "Modern use-at-will framework that provides individual components to manage TeamSpeak 3 Server instances",
            "homepage": "https://www.planetteamspeak.com",
            "keywords": [
                "api",
                "filetransfer",
                "interface",
                "management",
                "query",
                "server",
                "teamspeak",
                "ts3"
            ],
            "time": "2017-05-08 19:47:14"
        }
    ],
    "packages-dev": [],
    "aliases": [],
    "minimum-stability": "stable",
    "stability-flags": [],
    "prefer-stable": false,
    "prefer-lowest": false,
    "platform": {
        "ext-curl": "*",
        "ext-json": "*",
        "ext-mbstring": "*",
        "php-64bit": ">=5.4.0"
    },
    "platform-dev": []
}
